// !$*UTF8*$!
{
	archiveVersion = 1;
	classes = {
	};
	objectVersion = 56;
	objects = {

/* Begin PBXBuildFile section */
		4A79CDB92CB13FE100C4126C /* AppDelegate.swift in Sources */ = {isa = PBXBuildFile; fileRef = 4A79CDB82CB13FE100C4126C /* AppDelegate.swift */; };
		4A79CDBB2CB13FE100C4126C /* SceneDelegate.swift in Sources */ = {isa = PBXBuildFile; fileRef = 4A79CDBA2CB13FE100C4126C /* SceneDelegate.swift */; };
		4A79CDBD2CB13FE100C4126C /* ViewController.swift in Sources */ = {isa = PBXBuildFile; fileRef = 4A79CDBC2CB13FE100C4126C /* ViewController.swift */; };
		4A79CDC02CB13FE100C4126C /* Main.storyboard in Resources */ = {isa = PBXBuildFile; fileRef = 4A79CDBE2CB13FE100C4126C /* Main.storyboard */; };
		4A79CDC22CB13FE200C4126C /* Assets.xcassets in Resources */ = {isa = PBXBuildFile; fileRef = 4A79CDC12CB13FE200C4126C /* Assets.xcassets */; };
		4A79CDC52CB13FE200C4126C /* LaunchScreen.storyboard in Resources */ = {isa = PBXBuildFile; fileRef = 4A79CDC32CB13FE200C4126C /* LaunchScreen.storyboard */; };
		4A79CDD02CB13FE200C4126C /* ExHapticsTests.swift in Sources */ = {isa = PBXBuildFile; fileRef = 4A79CDCF2CB13FE200C4126C /* ExHapticsTests.swift */; };
		4A79CDDA2CB13FE200C4126C /* ExHapticsUITests.swift in Sources */ = {isa = PBXBuildFile; fileRef = 4A79CDD92CB13FE200C4126C /* ExHapticsUITests.swift */; };
		4A79CDDC2CB13FE200C4126C /* ExHapticsUITestsLaunchTests.swift in Sources */ = {isa = PBXBuildFile; fileRef = 4A79CDDB2CB13FE200C4126C /* ExHapticsUITestsLaunchTests.swift */; };
/* End PBXBuildFile section */

/* Begin PBXContainerItemProxy section */
		4A79CDCC2CB13FE200C4126C /* PBXContainerItemProxy */ = {
			isa = PBXContainerItemProxy;
			containerPortal = 4A79CDAD2CB13FE100C4126C /* Project object */;
			proxyType = 1;
			remoteGlobalIDString = 4A79CDB42CB13FE100C4126C;
			remoteInfo = ExHaptics;
		};
		4A79CDD62CB13FE200C4126C /* PBXContainerItemProxy */ = {
			isa = PBXContainerItemProxy;
			containerPortal = 4A79CDAD2CB13FE100C4126C /* Project object */;
			proxyType = 1;
			remoteGlobalIDString = 4A79CDB42CB13FE100C4126C;
			remoteInfo = ExHaptics;
		};
/* End PBXContainerItemProxy section */

/* Begin PBXFileReference section */
		4A79CDB52CB13FE100C4126C /* ExHaptics.app */ = {isa = PBXFileReference; explicitFileType = wrapper.application; includeInIndex = 0; path = ExHaptics.app; sourceTree = BUILT_PRODUCTS_DIR; };
		4A79CDB82CB13FE100C4126C /* AppDelegate.swift */ = {isa = PBXFileReference; lastKnownFileType = sourcecode.swift; path = AppDelegate.swift; sourceTree = "<group>"; };
		4A79CDBA2CB13FE100C4126C /* SceneDelegate.swift */ = {isa = PBXFileReference; lastKnownFileType = sourcecode.swift; path = SceneDelegate.swift; sourceTree = "<group>"; };
		4A79CDBC2CB13FE100C4126C /* ViewController.swift */ = {isa = PBXFileReference; lastKnownFileType = sourcecode.swift; path = ViewController.swift; sourceTree = "<group>"; };
		4A79CDBF2CB13FE100C4126C /* Base */ = {isa = PBXFileReference; lastKnownFileType = file.storyboard; name = Base; path = Base.lproj/Main.storyboard; sourceTree = "<group>"; };
		4A79CDC12CB13FE200C4126C /* Assets.xcassets */ = {isa = PBXFileReference; lastKnownFileType = folder.assetcatalog; path = Assets.xcassets; sourceTree = "<group>"; };
		4A79CDC42CB13FE200C4126C /* Base */ = {isa = PBXFileReference; lastKnownFileType = file.storyboard; name = Base; path = Base.lproj/LaunchScreen.storyboard; sourceTree = "<group>"; };
		4A79CDC62CB13FE200C4126C /* Info.plist */ = {isa = PBXFileReference; lastKnownFileType = text.plist.xml; path = Info.plist; sourceTree = "<group>"; };
		4A79CDCB2CB13FE200C4126C /* ExHapticsTests.xctest */ = {isa = PBXFileReference; explicitFileType = wrapper.cfbundle; includeInIndex = 0; path = ExHapticsTests.xctest; sourceTree = BUILT_PRODUCTS_DIR; };
		4A79CDCF2CB13FE200C4126C /* ExHapticsTests.swift */ = {isa = PBXFileReference; lastKnownFileType = sourcecode.swift; path = ExHapticsTests.swift; sourceTree = "<group>"; };
		4A79CDD52CB13FE200C4126C /* ExHapticsUITests.xctest */ = {isa = PBXFileReference; explicitFileType = wrapper.cfbundle; includeInIndex = 0; path = ExHapticsUITests.xctest; sourceTree = BUILT_PRODUCTS_DIR; };
		4A79CDD92CB13FE200C4126C /* ExHapticsUITests.swift */ = {isa = PBXFileReference; lastKnownFileType = sourcecode.swift; path = ExHapticsUITests.swift; sourceTree = "<group>"; };
		4A79CDDB2CB13FE200C4126C /* ExHapticsUITestsLaunchTests.swift */ = {isa = PBXFileReference; lastKnownFileType = sourcecode.swift; path = ExHapticsUITestsLaunchTests.swift; sourceTree = "<group>"; };
/* End PBXFileReference section */

/* Begin PBXFrameworksBuildPhase section */
		4A79CDB22CB13FE100C4126C /* Frameworks */ = {
			isa = PBXFrameworksBuildPhase;
			buildActionMask = 2147483647;
			files = (
			);
			runOnlyForDeploymentPostprocessing = 0;
		};
		4A79CDC82CB13FE200C4126C /* Frameworks */ = {
			isa = PBXFrameworksBuildPhase;
			buildActionMask = 2147483647;
			files = (
			);
			runOnlyForDeploymentPostprocessing = 0;
		};
		4A79CDD22CB13FE200C4126C /* Frameworks */ = {
			isa = PBXFrameworksBuildPhase;
			buildActionMask = 2147483647;
			files = (
			);
			runOnlyForDeploymentPostprocessing = 0;
		};
/* End PBXFrameworksBuildPhase section */

/* Begin PBXGroup section */
		4A79CDAC2CB13FE100C4126C = {
			isa = PBXGroup;
			children = (
				4A79CDB72CB13FE100C4126C /* ExHaptics */,
				4A79CDCE2CB13FE200C4126C /* ExHapticsTests */,
				4A79CDD82CB13FE200C4126C /* ExHapticsUITests */,
				4A79CDB62CB13FE100C4126C /* Products */,
			);
			sourceTree = "<group>";
		};
		4A79CDB62CB13FE100C4126C /* Products */ = {
			isa = PBXGroup;
			children = (
				4A79CDB52CB13FE100C4126C /* ExHaptics.app */,
				4A79CDCB2CB13FE200C4126C /* ExHapticsTests.xctest */,
				4A79CDD52CB13FE200C4126C /* ExHapticsUITests.xctest */,
			);
			name = Products;
			sourceTree = "<group>";
		};
		4A79CDB72CB13FE100C4126C /* ExHaptics */ = {
			isa = PBXGroup;
			children = (
				4A79CDB82CB13FE100C4126C /* AppDelegate.swift */,
				4A79CDBA2CB13FE100C4126C /* SceneDelegate.swift */,
				4A79CDBC2CB13FE100C4126C /* ViewController.swift */,
				4A79CDBE2CB13FE100C4126C /* Main.storyboard */,
				4A79CDC12CB13FE200C4126C /* Assets.xcassets */,
				4A79CDC32CB13FE200C4126C /* LaunchScreen.storyboard */,
				4A79CDC62CB13FE200C4126C /* Info.plist */,
			);
			path = ExHaptics;
			sourceTree = "<group>";
		};
		4A79CDCE2CB13FE200C4126C /* ExHapticsTests */ = {
			isa = PBXGroup;
			children = (
				4A79CDCF2CB13FE200C4126C /* ExHapticsTests.swift */,
			);
			path = ExHapticsTests;
			sourceTree = "<group>";
		};
		4A79CDD82CB13FE200C4126C /* ExHapticsUITests */ = {
			isa = PBXGroup;
			children = (
				4A79CDD92CB13FE200C4126C /* ExHapticsUITests.swift */,
				4A79CDDB2CB13FE200C4126C /* ExHapticsUITestsLaunchTests.swift */,
			);
			path = ExHapticsUITests;
			sourceTree = "<group>";
		};
/* End PBXGroup section */

/* Begin PBXNativeTarget section */
		4A79CDB42CB13FE100C4126C /* ExHaptics */ = {
			isa = PBXNativeTarget;
			buildConfigurationList = 4A79CDDF2CB13FE200C4126C /* Build configuration list for PBXNativeTarget "ExHaptics" */;
			buildPhases = (
				4A79CDB12CB13FE100C4126C /* Sources */,
				4A79CDB22CB13FE100C4126C /* Frameworks */,
				4A79CDB32CB13FE100C4126C /* Resources */,
			);
			buildRules = (
			);
			dependencies = (
			);
			name = ExHaptics;
			productName = ExHaptics;
			productReference = 4A79CDB52CB13FE100C4126C /* ExHaptics.app */;
			productType = "com.apple.product-type.application";
		};
		4A79CDCA2CB13FE200C4126C /* ExHapticsTests */ = {
			isa = PBXNativeTarget;
			buildConfigurationList = 4A79CDE22CB13FE200C4126C /* Build configuration list for PBXNativeTarget "ExHapticsTests" */;
			buildPhases = (
				4A79CDC72CB13FE200C4126C /* Sources */,
				4A79CDC82CB13FE200C4126C /* Frameworks */,
				4A79CDC92CB13FE200C4126C /* Resources */,
			);
			buildRules = (
			);
			dependencies = (
				4A79CDCD2CB13FE200C4126C /* PBXTargetDependency */,
			);
			name = ExHapticsTests;
			productName = ExHapticsTests;
			productReference = 4A79CDCB2CB13FE200C4126C /* ExHapticsTests.xctest */;
			productType = "com.apple.product-type.bundle.unit-test";
		};
		4A79CDD42CB13FE200C4126C /* ExHapticsUITests */ = {
			isa = PBXNativeTarget;
			buildConfigurationList = 4A79CDE52CB13FE200C4126C /* Build configuration list for PBXNativeTarget "ExHapticsUITests" */;
			buildPhases = (
				4A79CDD12CB13FE200C4126C /* Sources */,
				4A79CDD22CB13FE200C4126C /* Frameworks */,
				4A79CDD32CB13FE200C4126C /* Resources */,
			);
			buildRules = (
			);
			dependencies = (
				4A79CDD72CB13FE200C4126C /* PBXTargetDependency */,
			);
			name = ExHapticsUITests;
			productName = ExHapticsUITests;
			productReference = 4A79CDD52CB13FE200C4126C /* ExHapticsUITests.xctest */;
			productType = "com.apple.product-type.bundle.ui-testing";
		};
/* End PBXNativeTarget section */

/* Begin PBXProject section */
		4A79CDAD2CB13FE100C4126C /* Project object */ = {
			isa = PBXProject;
			attributes = {
				BuildIndependentTargetsInParallel = 1;
				LastSwiftUpdateCheck = 1520;
				LastUpgradeCheck = 1520;
				TargetAttributes = {
					4A79CDB42CB13FE100C4126C = {
						CreatedOnToolsVersion = 15.2;
					};
					4A79CDCA2CB13FE200C4126C = {
						CreatedOnToolsVersion = 15.2;
						TestTargetID = 4A79CDB42CB13FE100C4126C;
					};
					4A79CDD42CB13FE200C4126C = {
						CreatedOnToolsVersion = 15.2;
						TestTargetID = 4A79CDB42CB13FE100C4126C;
					};
				};
			};
			buildConfigurationList = 4A79CDB02CB13FE100C4126C /* Build configuration list for PBXProject "ExHaptics" */;
			compatibilityVersion = "Xcode 14.0";
			developmentRegion = en;
			hasScannedForEncodings = 0;
			knownRegions = (
				en,
				Base,
			);
			mainGroup = 4A79CDAC2CB13FE100C4126C;
			productRefGroup = 4A79CDB62CB13FE100C4126C /* Products */;
			projectDirPath = "";
			projectRoot = "";
			targets = (
				4A79CDB42CB13FE100C4126C /* ExHaptics */,
				4A79CDCA2CB13FE200C4126C /* ExHapticsTests */,
				4A79CDD42CB13FE200C4126C /* ExHapticsUITests */,
			);
		};
/* End PBXProject section */

/* Begin PBXResourcesBuildPhase section */
		4A79CDB32CB13FE100C4126C /* Resources */ = {
			isa = PBXResourcesBuildPhase;
			buildActionMask = 2147483647;
			files = (
				4A79CDC52CB13FE200C4126C /* LaunchScreen.storyboard in Resources */,
				4A79CDC22CB13FE200C4126C /* Assets.xcassets in Resources */,
				4A79CDC02CB13FE100C4126C /* Main.storyboard in Resources */,
			);
			runOnlyForDeploymentPostprocessing = 0;
		};
		4A79CDC92CB13FE200C4126C /* Resources */ = {
			isa = PBXResourcesBuildPhase;
			buildActionMask = 2147483647;
			files = (
			);
			runOnlyForDeploymentPostprocessing = 0;
		};
		4A79CDD32CB13FE200C4126C /* Resources */ = {
			isa = PBXResourcesBuildPhase;
			buildActionMask = 2147483647;
			files = (
			);
			runOnlyForDeploymentPostprocessing = 0;
		};
/* End PBXResourcesBuildPhase section */

/* Begin PBXSourcesBuildPhase section */
		4A79CDB12CB13FE100C4126C /* Sources */ = {
			isa = PBXSourcesBuildPhase;
			buildActionMask = 2147483647;
			files = (
				4A79CDBD2CB13FE100C4126C /* ViewController.swift in Sources */,
				4A79CDB92CB13FE100C4126C /* AppDelegate.swift in Sources */,
				4A79CDBB2CB13FE100C4126C /* SceneDelegate.swift in Sources */,
			);
			runOnlyForDeploymentPostprocessing = 0;
		};
		4A79CDC72CB13FE200C4126C /* Sources */ = {
			isa = PBXSourcesBuildPhase;
			buildActionMask = 2147483647;
			files = (
				4A79CDD02CB13FE200C4126C /* ExHapticsTests.swift in Sources */,
			);
			runOnlyForDeploymentPostprocessing = 0;
		};
		4A79CDD12CB13FE200C4126C /* Sources */ = {
			isa = PBXSourcesBuildPhase;
			buildActionMask = 2147483647;
			files = (
				4A79CDDC2CB13FE200C4126C /* ExHapticsUITestsLaunchTests.swift in Sources */,
				4A79CDDA2CB13FE200C4126C /* ExHapticsUITests.swift in Sources */,
			);
			runOnlyForDeploymentPostprocessing = 0;
		};
/* End PBXSourcesBuildPhase section */

/* Begin PBXTargetDependency section */
		4A79CDCD2CB13FE200C4126C /* PBXTargetDependency */ = {
			isa = PBXTargetDependency;
			target = 4A79CDB42CB13FE100C4126C /* ExHaptics */;
			targetProxy = 4A79CDCC2CB13FE200C4126C /* PBXContainerItemProxy */;
		};
		4A79CDD72CB13FE200C4126C /* PBXTargetDependency */ = {
			isa = PBXTargetDependency;
			target = 4A79CDB42CB13FE100C4126C /* ExHaptics */;
			targetProxy = 4A79CDD62CB13FE200C4126C /* PBXContainerItemProxy */;
		};
/* End PBXTargetDependency section */

/* Begin PBXVariantGroup section */
		4A79CDBE2CB13FE100C4126C /* Main.storyboard */ = {
			isa = PBXVariantGroup;
			children = (
				4A79CDBF2CB13FE100C4126C /* Base */,
			);
			name = Main.storyboard;
			sourceTree = "<group>";
		};
		4A79CDC32CB13FE200C4126C /* LaunchScreen.storyboard */ = {
			isa = PBXVariantGroup;
			children = (
				4A79CDC42CB13FE200C4126C /* Base */,
			);
			name = LaunchScreen.storyboard;
			sourceTree = "<group>";
		};
/* End PBXVariantGroup section */

/* Begin XCBuildConfiguration section */
		4A79CDDD2CB13FE200C4126C /* Debug */ = {
			isa = XCBuildConfiguration;
			buildSettings = {
				ALWAYS_SEARCH_USER_PATHS = NO;
				ASSETCATALOG_COMPILER_GENERATE_SWIFT_ASSET_SYMBOL_EXTENSIONS = YES;
				CLANG_ANALYZER_NONNULL = YES;
				CLANG_ANALYZER_NUMBER_OBJECT_CONVERSION = YES_AGGRESSIVE;
				CLANG_CXX_LANGUAGE_STANDARD = "gnu++20";
				CLANG_ENABLE_MODULES = YES;
				CLANG_ENABLE_OBJC_ARC = YES;
				CLANG_ENABLE_OBJC_WEAK = YES;
				CLANG_WARN_BLOCK_CAPTURE_AUTORELEASING = YES;
				CLANG_WARN_BOOL_CONVERSION = YES;
				CLANG_WARN_COMMA = YES;
				CLANG_WARN_CONSTANT_CONVERSION = YES;
				CLANG_WARN_DEPRECATED_OBJC_IMPLEMENTATIONS = YES;
				CLANG_WARN_DIRECT_OBJC_ISA_USAGE = YES_ERROR;
				CLANG_WARN_DOCUMENTATION_COMMENTS = YES;
				CLANG_WARN_EMPTY_BODY = YES;
				CLANG_WARN_ENUM_CONVERSION = YES;
				CLANG_WARN_INFINITE_RECURSION = YES;
				CLANG_WARN_INT_CONVERSION = YES;
				CLANG_WARN_NON_LITERAL_NULL_CONVERSION = YES;
				CLANG_WARN_OBJC_IMPLICIT_RETAIN_SELF = YES;
				CLANG_WARN_OBJC_LITERAL_CONVERSION = YES;
				CLANG_WARN_OBJC_ROOT_CLASS = YES_ERROR;
				CLANG_WARN_QUOTED_INCLUDE_IN_FRAMEWORK_HEADER = YES;
				CLANG_WARN_RANGE_LOOP_ANALYSIS = YES;
				CLANG_WARN_STRICT_PROTOTYPES = YES;
				CLANG_WARN_SUSPICIOUS_MOVE = YES;
				CLANG_WARN_UNGUARDED_AVAILABILITY = YES_AGGRESSIVE;
				CLANG_WARN_UNREACHABLE_CODE = YES;
				CLANG_WARN__DUPLICATE_METHOD_MATCH = YES;
				COPY_PHASE_STRIP = NO;
				DEBUG_INFORMATION_FORMAT = dwarf;
				ENABLE_STRICT_OBJC_MSGSEND = YES;
				ENABLE_TESTABILITY = YES;
				ENABLE_USER_SCRIPT_SANDBOXING = YES;
				GCC_C_LANGUAGE_STANDARD = gnu17;
				GCC_DYNAMIC_NO_PIC = NO;
				GCC_NO_COMMON_BLOCKS = YES;
				GCC_OPTIMIZATION_LEVEL = 0;
				GCC_PREPROCESSOR_DEFINITIONS = (
					"DEBUG=1",
					"$(inherited)",
				);
				GCC_WARN_64_TO_32_BIT_CONVERSION = YES;
				GCC_WARN_ABOUT_RETURN_TYPE = YES_ERROR;
				GCC_WARN_UNDECLARED_SELECTOR = YES;
				GCC_WARN_UNINITIALIZED_AUTOS = YES_AGGRESSIVE;
				GCC_WARN_UNUSED_FUNCTION = YES;
				GCC_WARN_UNUSED_VARIABLE = YES;
				IPHONEOS_DEPLOYMENT_TARGET = 17.2;
				LOCALIZATION_PREFERS_STRING_CATALOGS = YES;
				MTL_ENABLE_DEBUG_INFO = INCLUDE_SOURCE;
				MTL_FAST_MATH = YES;
				ONLY_ACTIVE_ARCH = YES;
				SDKROOT = iphoneos;
				SWIFT_ACTIVE_COMPILATION_CONDITIONS = "DEBUG $(inherited)";
				SWIFT_OPTIMIZATION_LEVEL = "-Onone";
			};
			name = Debug;
		};
		4A79CDDE2CB13FE200C4126C /* Release */ = {
			isa = XCBuildConfiguration;
			buildSettings = {
				ALWAYS_SEARCH_USER_PATHS = NO;
				ASSETCATALOG_COMPILER_GENERATE_SWIFT_ASSET_SYMBOL_EXTENSIONS = YES;
				CLANG_ANALYZER_NONNULL = YES;
				CLANG_ANALYZER_NUMBER_OBJECT_CONVERSION = YES_AGGRESSIVE;
				CLANG_CXX_LANGUAGE_STANDARD = "gnu++20";
				CLANG_ENABLE_MODULES = YES;
				CLANG_ENABLE_OBJC_ARC = YES;
				CLANG_ENABLE_OBJC_WEAK = YES;
				CLANG_WARN_BLOCK_CAPTURE_AUTORELEASING = YES;
				CLANG_WARN_BOOL_CONVERSION = YES;
				CLANG_WARN_COMMA = YES;
				CLANG_WARN_CONSTANT_CONVERSION = YES;
				CLANG_WARN_DEPRECATED_OBJC_IMPLEMENTATIONS = YES;
				CLANG_WARN_DIRECT_OBJC_ISA_USAGE = YES_ERROR;
				CLANG_WARN_DOCUMENTATION_COMMENTS = YES;
				CLANG_WARN_EMPTY_BODY = YES;
				CLANG_WARN_ENUM_CONVERSION = YES;
				CLANG_WARN_INFINITE_RECURSION = YES;
				CLANG_WARN_INT_CONVERSION = YES;
				CLANG_WARN_NON_LITERAL_NULL_CONVERSION = YES;
				CLANG_WARN_OBJC_IMPLICIT_RETAIN_SELF = YES;
				CLANG_WARN_OBJC_LITERAL_CONVERSION = YES;
				CLANG_WARN_OBJC_ROOT_CLASS = YES_ERROR;
				CLANG_WARN_QUOTED_INCLUDE_IN_FRAMEWORK_HEADER = YES;
				CLANG_WARN_RANGE_LOOP_ANALYSIS = YES;
				CLANG_WARN_STRICT_PROTOTYPES = YES;
				CLANG_WARN_SUSPICIOUS_MOVE = YES;
				CLANG_WARN_UNGUARDED_AVAILABILITY = YES_AGGRESSIVE;
				CLANG_WARN_UNREACHABLE_CODE = YES;
				CLANG_WARN__DUPLICATE_METHOD_MATCH = YES;
				COPY_PHASE_STRIP = NO;
				DEBUG_INFORMATION_FORMAT = "dwarf-with-dsym";
				ENABLE_NS_ASSERTIONS = NO;
				ENABLE_STRICT_OBJC_MSGSEND = YES;
				ENABLE_USER_SCRIPT_SANDBOXING = YES;
				GCC_C_LANGUAGE_STANDARD = gnu17;
				GCC_NO_COMMON_BLOCKS = YES;
				GCC_WARN_64_TO_32_BIT_CONVERSION = YES;
				GCC_WARN_ABOUT_RETURN_TYPE = YES_ERROR;
				GCC_WARN_UNDECLARED_SELECTOR = YES;
				GCC_WARN_UNINITIALIZED_AUTOS = YES_AGGRESSIVE;
				GCC_WARN_UNUSED_FUNCTION = YES;
				GCC_WARN_UNUSED_VARIABLE = YES;
				IPHONEOS_DEPLOYMENT_TARGET = 17.2;
				LOCALIZATION_PREFERS_STRING_CATALOGS = YES;
				MTL_ENABLE_DEBUG_INFO = NO;
				MTL_FAST_MATH = YES;
				SDKROOT = iphoneos;
				SWIFT_COMPILATION_MODE = wholemodule;
				VALIDATE_PRODUCT = YES;
			};
			name = Release;
		};
		4A79CDE02CB13FE200C4126C /* Debug */ = {
			isa = XCBuildConfiguration;
			buildSettings = {
				ASSETCATALOG_COMPILER_APPICON_NAME = AppIcon;
				ASSETCATALOG_COMPILER_GLOBAL_ACCENT_COLOR_NAME = AccentColor;
				CODE_SIGN_STYLE = Automatic;
				CURRENT_PROJECT_VERSION = 1;
				DEVELOPMENT_TEAM = SS7U83UJNK;
				GENERATE_INFOPLIST_FILE = YES;
				INFOPLIST_FILE = ExHaptics/Info.plist;
				INFOPLIST_KEY_UIApplicationSupportsIndirectInputEvents = YES;
				INFOPLIST_KEY_UILaunchStoryboardName = LaunchScreen;
				INFOPLIST_KEY_UIMainStoryboardFile = Main;
				INFOPLIST_KEY_UISupportedInterfaceOrientations_iPad = "UIInterfaceOrientationPortrait UIInterfaceOrientationPortraitUpsideDown UIInterfaceOrientationLandscapeLeft UIInterfaceOrientationLandscapeRight";
				INFOPLIST_KEY_UISupportedInterfaceOrientations_iPhone = "UIInterfaceOrientationPortrait UIInterfaceOrientationLandscapeLeft UIInterfaceOrientationLandscapeRight";
				LD_RUNPATH_SEARCH_PATHS = (
					"$(inherited)",
					"@executable_path/Frameworks",
				);
				MARKETING_VERSION = 1.0;
				PRODUCT_BUNDLE_IDENTIFIER = com.jake.ExHaptics;
				PRODUCT_NAME = "$(TARGET_NAME)";
				SWIFT_EMIT_LOC_STRINGS = YES;
				SWIFT_VERSION = 5.0;
				TARGETED_DEVICE_FAMILY = "1,2";
			};
			name = Debug;
		};
		4A79CDE12CB13FE200C4126C /* Release */ = {
			isa = XCBuildConfiguration;
			buildSettings = {
				ASSETCATALOG_COMPILER_APPICON_NAME = AppIcon;
				ASSETCATALOG_COMPILER_GLOBAL_ACCENT_COLOR_NAME = AccentColor;
				CODE_SIGN_STYLE = Automatic;
				CURRENT_PROJECT_VERSION = 1;
				DEVELOPMENT_TEAM = SS7U83UJNK;
				GENERATE_INFOPLIST_FILE = YES;
				INFOPLIST_FILE = ExHaptics/Info.plist;
				INFOPLIST_KEY_UIApplicationSupportsIndirectInputEvents = YES;
				INFOPLIST_KEY_UILaunchStoryboardName = LaunchScreen;
				INFOPLIST_KEY_UIMainStoryboardFile = Main;
				INFOPLIST_KEY_UISupportedInterfaceOrientations_iPad = "UIInterfaceOrientationPortrait UIInterfaceOrientationPortraitUpsideDown UIInterfaceOrientationLandscapeLeft UIInterfaceOrientationLandscapeRight";
				INFOPLIST_KEY_UISupportedInterfaceOrientations_iPhone = "UIInterfaceOrientationPortrait UIInterfaceOrientationLandscapeLeft UIInterfaceOrientationLandscapeRight";
				LD_RUNPATH_SEARCH_PATHS = (
					"$(inherited)",
					"@executable_path/Frameworks",
				);
				MARKETING_VERSION = 1.0;
				PRODUCT_BUNDLE_IDENTIFIER = com.jake.ExHaptics;
				PRODUCT_NAME = "$(TARGET_NAME)";
				SWIFT_EMIT_LOC_STRINGS = YES;
				SWIFT_VERSION = 5.0;
				TARGETED_DEVICE_FAMILY = "1,2";
			};
			name = Release;
		};
		4A79CDE32CB13FE200C4126C /* Debug */ = {
			isa = XCBuildConfiguration;
			buildSettings = {
				ALWAYS_EMBED_SWIFT_STANDARD_LIBRARIES = YES;
				BUNDLE_LOADER = "$(TEST_HOST)";
				CODE_SIGN_STYLE = Automatic;
				CURRENT_PROJECT_VERSION = 1;
				DEVELOPMENT_TEAM = SS7U83UJNK;
				GENERATE_INFOPLIST_FILE = YES;
				IPHONEOS_DEPLOYMENT_TARGET = 17.2;
				MARKETING_VERSION = 1.0;
				PRODUCT_BUNDLE_IDENTIFIER = com.jake.ExHapticsTests;
				PRODUCT_NAME = "$(TARGET_NAME)";
				SWIFT_EMIT_LOC_STRINGS = NO;
				SWIFT_VERSION = 5.0;
				TARGETED_DEVICE_FAMILY = "1,2";
				TEST_HOST = "$(BUILT_PRODUCTS_DIR)/ExHaptics.app/$(BUNDLE_EXECUTABLE_FOLDER_PATH)/ExHaptics";
			};
			name = Debug;
		};
		4A79CDE42CB13FE200C4126C /* Release */ = {
			isa = XCBuildConfiguration;
			buildSettings = {
				ALWAYS_EMBED_SWIFT_STANDARD_LIBRARIES = YES;
				BUNDLE_LOADER = "$(TEST_HOST)";
				CODE_SIGN_STYLE = Automatic;
				CURRENT_PROJECT_VERSION = 1;
				DEVELOPMENT_TEAM = SS7U83UJNK;
				GENERATE_INFOPLIST_FILE = YES;
				IPHONEOS_DEPLOYMENT_TARGET = 17.2;
				MARKETING_VERSION = 1.0;
				PRODUCT_BUNDLE_IDENTIFIER = com.jake.ExHapticsTests;
				PRODUCT_NAME = "$(TARGET_NAME)";
				SWIFT_EMIT_LOC_STRINGS = NO;
				SWIFT_VERSION = 5.0;
				TARGETED_DEVICE_FAMILY = "1,2";
				TEST_HOST = "$(BUILT_PRODUCTS_DIR)/ExHaptics.app/$(BUNDLE_EXECUTABLE_FOLDER_PATH)/ExHaptics";
			};
			name = Release;
		};
		4A79CDE62CB13FE200C4126C /* Debug */ = {
			isa = XCBuildConfiguration;
			buildSettings = {
				ALWAYS_EMBED_SWIFT_STANDARD_LIBRARIES = YES;
				CODE_SIGN_STYLE = Automatic;
				CURRENT_PROJECT_VERSION = 1;
				DEVELOPMENT_TEAM = SS7U83UJNK;
				GENERATE_INFOPLIST_FILE = YES;
				MARKETING_VERSION = 1.0;
				PRODUCT_BUNDLE_IDENTIFIER = com.jake.ExHapticsUITests;
				PRODUCT_NAME = "$(TARGET_NAME)";
				SWIFT_EMIT_LOC_STRINGS = NO;
				SWIFT_VERSION = 5.0;
				TARGETED_DEVICE_FAMILY = "1,2";
				TEST_TARGET_NAME = ExHaptics;
			};
			name = Debug;
		};
		4A79CDE72CB13FE200C4126C /* Release */ = {
			isa = XCBuildConfiguration;
			buildSettings = {
				ALWAYS_EMBED_SWIFT_STANDARD_LIBRARIES = YES;
				CODE_SIGN_STYLE = Automatic;
				CURRENT_PROJECT_VERSION = 1;
				DEVELOPMENT_TEAM = SS7U83UJNK;
				GENERATE_INFOPLIST_FILE = YES;
				MARKETING_VERSION = 1.0;
				PRODUCT_BUNDLE_IDENTIFIER = com.jake.ExHapticsUITests;
				PRODUCT_NAME = "$(TARGET_NAME)";
				SWIFT_EMIT_LOC_STRINGS = NO;
				SWIFT_VERSION = 5.0;
				TARGETED_DEVICE_FAMILY = "1,2";
				TEST_TARGET_NAME = ExHaptics;
			};
			name = Release;
		};
/* End XCBuildConfiguration section */

/* Begin XCConfigurationList section */
		4A79CDB02CB13FE100C4126C /* Build configuration list for PBXProject "ExHaptics" */ = {
			isa = XCConfigurationList;
			buildConfigurations = (
				4A79CDDD2CB13FE200C4126C /* Debug */,
				4A79CDDE2CB13FE200C4126C /* Release */,
			);
			defaultConfigurationIsVisible = 0;
			defaultConfigurationName = Release;
		};
		4A79CDDF2CB13FE200C4126C /* Build configuration list for PBXNativeTarget "ExHaptics" */ = {
			isa = XCConfigurationList;
			buildConfigurations = (
				4A79CDE02CB13FE200C4126C /* Debug */,
				4A79CDE12CB13FE200C4126C /* Release */,
			);
			defaultConfigurationIsVisible = 0;
			defaultConfigurationName = Release;
		};
		4A79CDE22CB13FE200C4126C /* Build configuration list for PBXNativeTarget "ExHapticsTests" */ = {
			isa = XCConfigurationList;
			buildConfigurations = (
				4A79CDE32CB13FE200C4126C /* Debug */,
				4A79CDE42CB13FE200C4126C /* Release */,
			);
			defaultConfigurationIsVisible = 0;
			defaultConfigurationName = Release;
		};
		4A79CDE52CB13FE200C4126C /* Build configuration list for PBXNativeTarget "ExHapticsUITests" */ = {
			isa = XCConfigurationList;
			buildConfigurations = (
				4A79CDE62CB13FE200C4126C /* Debug */,
				4A79CDE72CB13FE200C4126C /* Release */,
			);
			defaultConfigurationIsVisible = 0;
			defaultConfigurationName = Release;
		};
/* End XCConfigurationList section */
	};
	rootObject = 4A79CDAD2CB13FE100C4126C /* Project object */;
}
